
Microsoft Visual Studio Solution File, Format Version 12.00
# Visual Studio Version 16
VisualStudioVersion = 16.0.29123.89
MinimumVisualStudioVersion = 10.0.40219.1
Project("{FAE04EC0-301F-11D3-BF4B-00C04F79EFBC}") = "CORS", "CORS.csproj", "{93092B23-1BB5-4E68-A4AD-56CF67AF870D}"
EndProject
Global
	GlobalSection(SolutionConfigurationPlatforms) = preSolution
		Debug|Any CPU = Debug|Any CPU
		Release|Any CPU = Release|Any CPU
	EndGlobalSection
	GlobalSection(ProjectConfigurationPlatforms) = postSolution
		{93092B23-1BB5-4E68-A4AD-56CF67AF870D}.Debug|Any CPU.ActiveCfg = Debug|Any CPU
		{93092B23-1BB5-4E68-A4AD-56CF67AF870D}.Debug|Any CPU.Build.0 = Debug|Any CPU
		{93092B23-1BB5-4E68-A4AD-56CF67AF870D}.Release|Any CPU.ActiveCfg = Release|Any CPU
		{93092B23-1BB5-4E68-A4AD-56CF67AF870D}.Release|Any CPU.Build.0 = Release|Any CPU
	EndGlobalSection
	GlobalSection(SolutionProperties) = preSolution
		HideSolutionNode = FALSE
	EndGlobalSection
	GlobalSection(ExtensibilityGlobals) = postSolution
		SolutionGuid = {2AE83101-F7F7-4978-A4A0-354A3340512A}
	EndGlobalSection
EndGlobal
